Microsoft Visual Studio Solution File, Format Version 11.00
# Visual Studio 2008

Project("{870E37D9-545E-3FDE-2749-14D7150E03E2}") = "Pictionary Demo 00", "Assembly-CSharp-vs.csproj", "{8E3912B3-8CB9-83CD-19E9-CEDB223C3530}"
EndProject
Project("{870E37D9-545E-3FDE-2749-14D7150E03E2}") = "Pictionary Demo 00", "Assembly-CSharp-Editor-vs.csproj", "{C47ABEE4-7E87-6453-4C39-3459766798B9}"
EndProject
Global
	GlobalSection(SolutionConfigurationPlatforms) = preSolution
		Debug|Any CPU = Debug|Any CPU
		Release|Any CPU = Release|Any CPU
	EndGlobalSection
	GlobalSection(ProjectConfigurationPlatforms) = postSolution
		{8E3912B3-8CB9-83CD-19E9-CEDB223C3530}.Debug|Any CPU.ActiveCfg = Debug|Any CPU
		{8E3912B3-8CB9-83CD-19E9-CEDB223C3530}.Debug|Any CPU.Build.0 = Debug|Any CPU
		{8E3912B3-8CB9-83CD-19E9-CEDB223C3530}.Release|Any CPU.ActiveCfg = Release|Any CPU
		{8E3912B3-8CB9-83CD-19E9-CEDB223C3530}.Release|Any CPU.Build.0 = Release|Any CPU
		{C47ABEE4-7E87-6453-4C39-3459766798B9}.Debug|Any CPU.ActiveCfg = Debug|Any CPU
		{C47ABEE4-7E87-6453-4C39-3459766798B9}.Debug|Any CPU.Build.0 = Debug|Any CPU
		{C47ABEE4-7E87-6453-4C39-3459766798B9}.Release|Any CPU.ActiveCfg = Release|Any CPU
		{C47ABEE4-7E87-6453-4C39-3459766798B9}.Release|Any CPU.Build.0 = Release|Any CPU
	EndGlobalSection
	GlobalSection(SolutionProperties) = preSolution
		HideSolutionNode = FALSE
	EndGlobalSection
						GlobalSection(MonoDevelopProperties) = preSolution
		StartupItem = Assembly-CSharp.csproj
	EndGlobalSection

EndGlobal
